<Solution>
  <Project Path="../ECommerceApp/ECommerceOrderManagementAPI.csproj" Id="50632421-7d2d-4954-bb61-0d35e8eac69b" />
  <Project Path="../Fluent API Validation/Fluent API Validation.csproj" Id="750ab6a9-cc5e-4113-b1ab-ec0d768409d4" />
  <Project Path="../RedisCachingDemo/RedisCachingDemo.csproj" Id="73d222de-9bba-4c98-9c6b-6321ad514a83" />
  <Project Path="../ShoppingCartAPI/ShoppingCartAPI.csproj" Id="35536405-a4c8-4a14-adf7-afe278386983" />
  <Project Path="SmallEcommerceApi.csproj" />
</Solution>
